
Microsoft Visual Studio Solution File, Format Version 12.00
# Visual Studio Version 17
VisualStudioVersion = 17.10.35013.160
MinimumVisualStudioVersion = 10.0.40219.1
Project("{FAE04EC0-301F-11D3-BF4B-00C04F79EFBC}") = "AutoActualizacionDeMiApp", "AutoActualizacionDeMiApp.csproj", "{0938FA21-9480-4DF1-944C-2B599986C305}"
EndProject
Global
	GlobalSection(SolutionConfigurationPlatforms) = preSolution
		Debug|Any CPU = Debug|Any CPU
		Release|Any CPU = Release|Any CPU
	EndGlobalSection
	GlobalSection(ProjectConfigurationPlatforms) = postSolution
		{0938FA21-9480-4DF1-944C-2B599986C305}.Debug|Any CPU.ActiveCfg = Debug|Any CPU
		{0938FA21-9480-4DF1-944C-2B599986C305}.Debug|Any CPU.Build.0 = Debug|Any CPU
		{0938FA21-9480-4DF1-944C-2B599986C305}.Release|Any CPU.ActiveCfg = Release|Any CPU
		{0938FA21-9480-4DF1-944C-2B599986C305}.Release|Any CPU.Build.0 = Release|Any CPU
	EndGlobalSection
	GlobalSection(SolutionProperties) = preSolution
		HideSolutionNode = FALSE
	EndGlobalSection
	GlobalSection(ExtensibilityGlobals) = postSolution
		SolutionGuid = {505F7EFD-7B72-4BE9-9F79-C551FAA5F943}
	EndGlobalSection
EndGlobal
